// !$*UTF8*$!
{
	archiveVersion = 1;
	classes = {
	};
	objectVersion = 51;
	objects = {

/* Begin PBXBuildFile section */
		A72E366326CBA9AF006E346F /* MovieCollectionViewCell.swift in Sources */ = {isa = PBXBuildFile; fileRef = A72E366226CBA9AF006E346F /* MovieCollectionViewCell.swift */; };
		A72E366626CBAA18006E346F /* ReusableView.swift in Sources */ = {isa = PBXBuildFile; fileRef = A72E366526CBAA18006E346F /* ReusableView.swift */; };
		A77A7C9826CAC7430031FFF5 /* DiscoverMoviesViewController.swift in Sources */ = {isa = PBXBuildFile; fileRef = A77A7C9726CAC7430031FFF5 /* DiscoverMoviesViewController.swift */; };
		A77A7C9B26CAC74F0031FFF5 /* DiscoverMoviesPresenter.swift in Sources */ = {isa = PBXBuildFile; fileRef = A77A7C9A26CAC74F0031FFF5 /* DiscoverMoviesPresenter.swift */; };
		A7ACFDA726CABB7500253917 /* Then.swift in Sources */ = {isa = PBXBuildFile; fileRef = A7ACFDA626CABB7500253917 /* Then.swift */; };
		A7ACFDAA26CAC0CB00253917 /* GenreTableViewCell.swift in Sources */ = {isa = PBXBuildFile; fileRef = A7ACFDA926CAC0CB00253917 /* GenreTableViewCell.swift */; };
		A7AE9D6326CBEFDE001A5D5A /* LoadingCollectionViewCell.swift in Sources */ = {isa = PBXBuildFile; fileRef = A7AE9D6226CBEFDE001A5D5A /* LoadingCollectionViewCell.swift */; };
		A7E1001D26C94FBA00840DFB /* AppDelegate.swift in Sources */ = {isa = PBXBuildFile; fileRef = A7E1001C26C94FBA00840DFB /* AppDelegate.swift */; };
		A7E1002126C94FBA00840DFB /* GenresViewController.swift in Sources */ = {isa = PBXBuildFile; fileRef = A7E1002026C94FBA00840DFB /* GenresViewController.swift */; };
		A7E1002626C94FBE00840DFB /* Assets.xcassets in Resources */ = {isa = PBXBuildFile; fileRef = A7E1002526C94FBE00840DFB /* Assets.xcassets */; };
		A7E1002926C94FBE00840DFB /* LaunchScreen.storyboard in Resources */ = {isa = PBXBuildFile; fileRef = A7E1002726C94FBE00840DFB /* LaunchScreen.storyboard */; };
		A7E1003926C9511800840DFB /* MovieService.swift in Sources */ = {isa = PBXBuildFile; fileRef = A7E1003826C9511800840DFB /* MovieService.swift */; };
		A7E1004B26C9562800840DFB /* AppDelegate+Registration.swift in Sources */ = {isa = PBXBuildFile; fileRef = A7E1004A26C9562800840DFB /* AppDelegate+Registration.swift */; };
		A7E1004E26C9582F00840DFB /* AppCoordinator.swift in Sources */ = {isa = PBXBuildFile; fileRef = A7E1004D26C9582F00840DFB /* AppCoordinator.swift */; };
		A7E1005B26C95BB800840DFB /* Resolver.swift in Sources */ = {isa = PBXBuildFile; fileRef = A7E1005A26C95BB800840DFB /* Resolver.swift */; };
		A7E1009526C967A100840DFB /* GenresPresenter.swift in Sources */ = {isa = PBXBuildFile; fileRef = A7E1009426C967A100840DFB /* GenresPresenter.swift */; };
		A7E1009926C9695500840DFB /* ListByGenresCoordinator.swift in Sources */ = {isa = PBXBuildFile; fileRef = A7E1009826C9695500840DFB /* ListByGenresCoordinator.swift */; };
		A7E1009D26C96CE900840DFB /* ErrorHandlingView.swift in Sources */ = {isa = PBXBuildFile; fileRef = A7E1009C26C96CE900840DFB /* ErrorHandlingView.swift */; };
		EFB733FAC5BED66907244C3E /* Pods_MovieDB.framework in Frameworks */ = {isa = PBXBuildFile; fileRef = 6B3F78C3708F300800478284 /* Pods_MovieDB.framework */; };
/* End PBXBuildFile section */

/* Begin PBXFileReference section */
		432C69462E1DD803027B0F97 /* Pods-MovieDB.debug.xcconfig */ = {isa = PBXFileReference; includeInIndex = 1; lastKnownFileType = text.xcconfig; name = "Pods-MovieDB.debug.xcconfig"; path = "Target Support Files/Pods-MovieDB/Pods-MovieDB.debug.xcconfig"; sourceTree = "<group>"; };
		6B3F78C3708F300800478284 /* Pods_MovieDB.framework */ = {isa = PBXFileReference; explicitFileType = wrapper.framework; includeInIndex = 0; path = Pods_MovieDB.framework; sourceTree = BUILT_PRODUCTS_DIR; };
		A72E366226CBA9AF006E346F /* MovieCollectionViewCell.swift */ = {isa = PBXFileReference; lastKnownFileType = sourcecode.swift; path = MovieCollectionViewCell.swift; sourceTree = "<group>"; };
		A72E366526CBAA18006E346F /* ReusableView.swift */ = {isa = PBXFileReference; lastKnownFileType = sourcecode.swift; path = ReusableView.swift; sourceTree = "<group>"; };
		A77A7C9726CAC7430031FFF5 /* DiscoverMoviesViewController.swift */ = {isa = PBXFileReference; lastKnownFileType = sourcecode.swift; path = DiscoverMoviesViewController.swift; sourceTree = "<group>"; };
		A77A7C9A26CAC74F0031FFF5 /* DiscoverMoviesPresenter.swift */ = {isa = PBXFileReference; lastKnownFileType = sourcecode.swift; path = DiscoverMoviesPresenter.swift; sourceTree = "<group>"; };
		A7ACFDA626CABB7500253917 /* Then.swift */ = {isa = PBXFileReference; lastKnownFileType = sourcecode.swift; path = Then.swift; sourceTree = "<group>"; };
		A7ACFDA926CAC0CB00253917 /* GenreTableViewCell.swift */ = {isa = PBXFileReference; lastKnownFileType = sourcecode.swift; path = GenreTableViewCell.swift; sourceTree = "<group>"; };
		A7AE9D6226CBEFDE001A5D5A /* LoadingCollectionViewCell.swift */ = {isa = PBXFileReference; lastKnownFileType = sourcecode.swift; path = LoadingCollectionViewCell.swift; sourceTree = "<group>"; };
		A7E1001926C94FBA00840DFB /* MovieDB.app */ = {isa = PBXFileReference; explicitFileType = wrapper.application; includeInIndex = 0; path = MovieDB.app; sourceTree = BUILT_PRODUCTS_DIR; };
		A7E1001C26C94FBA00840DFB /* AppDelegate.swift */ = {isa = PBXFileReference; lastKnownFileType = sourcecode.swift; path = AppDelegate.swift; sourceTree = "<group>"; };
		A7E1002026C94FBA00840DFB /* GenresViewController.swift */ = {isa = PBXFileReference; lastKnownFileType = sourcecode.swift; path = GenresViewController.swift; sourceTree = "<group>"; };
		A7E1002526C94FBE00840DFB /* Assets.xcassets */ = {isa = PBXFileReference; lastKnownFileType = folder.assetcatalog; path = Assets.xcassets; sourceTree = "<group>"; };
		A7E1002826C94FBE00840DFB /* Base */ = {isa = PBXFileReference; lastKnownFileType = file.storyboard; name = Base; path = Base.lproj/LaunchScreen.storyboard; sourceTree = "<group>"; };
		A7E1002A26C94FBE00840DFB /* Info.plist */ = {isa = PBXFileReference; lastKnownFileType = text.plist.xml; path = Info.plist; sourceTree = "<group>"; };
		A7E1003826C9511800840DFB /* MovieService.swift */ = {isa = PBXFileReference; lastKnownFileType = sourcecode.swift; path = MovieService.swift; sourceTree = "<group>"; };
		A7E1004A26C9562800840DFB /* AppDelegate+Registration.swift */ = {isa = PBXFileReference; lastKnownFileType = sourcecode.swift; path = "AppDelegate+Registration.swift"; sourceTree = "<group>"; };
		A7E1004D26C9582F00840DFB /* AppCoordinator.swift */ = {isa = PBXFileReference; lastKnownFileType = sourcecode.swift; path = AppCoordinator.swift; sourceTree = "<group>"; };
		A7E1005A26C95BB800840DFB /* Resolver.swift */ = {isa = PBXFileReference; lastKnownFileType = sourcecode.swift; path = Resolver.swift; sourceTree = "<group>"; };
		A7E1009426C967A100840DFB /* GenresPresenter.swift */ = {isa = PBXFileReference; lastKnownFileType = sourcecode.swift; path = GenresPresenter.swift; sourceTree = "<group>"; };
		A7E1009826C9695500840DFB /* ListByGenresCoordinator.swift */ = {isa = PBXFileReference; lastKnownFileType = sourcecode.swift; path = ListByGenresCoordinator.swift; sourceTree = "<group>"; };
		A7E1009C26C96CE900840DFB /* ErrorHandlingView.swift */ = {isa = PBXFileReference; lastKnownFileType = sourcecode.swift; path = ErrorHandlingView.swift; sourceTree = "<group>"; };
		FB16A179F6BD9755E900FDB0 /* Pods-MovieDB.release.xcconfig */ = {isa = PBXFileReference; includeInIndex = 1; lastKnownFileType = text.xcconfig; name = "Pods-MovieDB.release.xcconfig"; path = "Target Support Files/Pods-MovieDB/Pods-MovieDB.release.xcconfig"; sourceTree = "<group>"; };
/* End PBXFileReference section */

/* Begin PBXFrameworksBuildPhase section */
		A7E1001626C94FBA00840DFB /* Frameworks */ = {
			isa = PBXFrameworksBuildPhase;
			buildActionMask = 2147483647;
			files = (
				EFB733FAC5BED66907244C3E /* Pods_MovieDB.framework in Frameworks */,
			);
			runOnlyForDeploymentPostprocessing = 0;
		};
/* End PBXFrameworksBuildPhase section */

/* Begin PBXGroup section */
		944DD36C3111ADBD9A71702A /* Pods */ = {
			isa = PBXGroup;
			children = (
				432C69462E1DD803027B0F97 /* Pods-MovieDB.debug.xcconfig */,
				FB16A179F6BD9755E900FDB0 /* Pods-MovieDB.release.xcconfig */,
			);
			path = Pods;
			sourceTree = "<group>";
		};
		A77A7CA426CBA6B20031FFF5 /* Common */ = {
			isa = PBXGroup;
			children = (
				A72E366526CBAA18006E346F /* ReusableView.swift */,
				A7E1009C26C96CE900840DFB /* ErrorHandlingView.swift */,
			);
			path = Common;
			sourceTree = "<group>";
		};
		A7ACFDB126CAC4BC00253917 /* Genres */ = {
			isa = PBXGroup;
			children = (
				A7E1002026C94FBA00840DFB /* GenresViewController.swift */,
				A7E1009426C967A100840DFB /* GenresPresenter.swift */,
				A7ACFDA926CAC0CB00253917 /* GenreTableViewCell.swift */,
			);
			path = Genres;
			sourceTree = "<group>";
		};
		A7ACFDB426CAC4D300253917 /* Movies */ = {
			isa = PBXGroup;
			children = (
				A77A7C9726CAC7430031FFF5 /* DiscoverMoviesViewController.swift */,
				A77A7C9A26CAC74F0031FFF5 /* DiscoverMoviesPresenter.swift */,
				A72E366226CBA9AF006E346F /* MovieCollectionViewCell.swift */,
				A7AE9D6226CBEFDE001A5D5A /* LoadingCollectionViewCell.swift */,
			);
			path = Movies;
			sourceTree = "<group>";
		};
		A7E1001026C94FBA00840DFB = {
			isa = PBXGroup;
			children = (
				A7E1001B26C94FBA00840DFB /* MovieDB */,
				A7E1001A26C94FBA00840DFB /* Products */,
				944DD36C3111ADBD9A71702A /* Pods */,
				EF9C3AB20079F09F8F156030 /* Frameworks */,
			);
			sourceTree = "<group>";
		};
		A7E1001A26C94FBA00840DFB /* Products */ = {
			isa = PBXGroup;
			children = (
				A7E1001926C94FBA00840DFB /* MovieDB.app */,
			);
			name = Products;
			sourceTree = "<group>";
		};
		A7E1001B26C94FBA00840DFB /* MovieDB */ = {
			isa = PBXGroup;
			children = (
				A77A7CA426CBA6B20031FFF5 /* Common */,
				A7E1009B26C96CDC00840DFB /* Utility */,
				A7E1004326C951D100840DFB /* App */,
				A7E1004226C951C400840DFB /* Assets */,
				A7E1004026C9517200840DFB /* Scenes */,
				A7E1003B26C9511C00840DFB /* DataSource */,
				A7E1002A26C94FBE00840DFB /* Info.plist */,
			);
			path = MovieDB;
			sourceTree = "<group>";
		};
		A7E1003B26C9511C00840DFB /* DataSource */ = {
			isa = PBXGroup;
			children = (
				A7E1003826C9511800840DFB /* MovieService.swift */,
			);
			path = DataSource;
			sourceTree = "<group>";
		};
		A7E1004026C9517200840DFB /* Scenes */ = {
			isa = PBXGroup;
			children = (
				A7E1004126C9517800840DFB /* ListByGenres */,
			);
			path = Scenes;
			sourceTree = "<group>";
		};
		A7E1004126C9517800840DFB /* ListByGenres */ = {
			isa = PBXGroup;
			children = (
				A7ACFDB426CAC4D300253917 /* Movies */,
				A7ACFDB126CAC4BC00253917 /* Genres */,
				A7E1009826C9695500840DFB /* ListByGenresCoordinator.swift */,
			);
			path = ListByGenres;
			sourceTree = "<group>";
		};
		A7E1004226C951C400840DFB /* Assets */ = {
			isa = PBXGroup;
			children = (
				A7E1002526C94FBE00840DFB /* Assets.xcassets */,
				A7E1002726C94FBE00840DFB /* LaunchScreen.storyboard */,
			);
			path = Assets;
			sourceTree = "<group>";
		};
		A7E1004326C951D100840DFB /* App */ = {
			isa = PBXGroup;
			children = (
				A7E1001C26C94FBA00840DFB /* AppDelegate.swift */,
				A7E1004A26C9562800840DFB /* AppDelegate+Registration.swift */,
				A7E1004D26C9582F00840DFB /* AppCoordinator.swift */,
			);
			path = App;
			sourceTree = "<group>";
		};
		A7E1009B26C96CDC00840DFB /* Utility */ = {
			isa = PBXGroup;
			children = (
				A7E1005A26C95BB800840DFB /* Resolver.swift */,
				A7ACFDA626CABB7500253917 /* Then.swift */,
			);
			path = Utility;
			sourceTree = "<group>";
		};
		EF9C3AB20079F09F8F156030 /* Frameworks */ = {
			isa = PBXGroup;
			children = (
				6B3F78C3708F300800478284 /* Pods_MovieDB.framework */,
			);
			name = Frameworks;
			sourceTree = "<group>";
		};
/* End PBXGroup section */

/* Begin PBXNativeTarget section */
		A7E1001826C94FBA00840DFB /* MovieDB */ = {
			isa = PBXNativeTarget;
			buildConfigurationList = A7E1002D26C94FBE00840DFB /* Build configuration list for PBXNativeTarget "MovieDB" */;
			buildPhases = (
				797500FC7ABE38D6780D5739 /* [CP] Check Pods Manifest.lock */,
				A7E1001526C94FBA00840DFB /* Sources */,
				A7E1008E26C95FE300840DFB /* SwiftLint */,
				A7E1001626C94FBA00840DFB /* Frameworks */,
				A7E1001726C94FBA00840DFB /* Resources */,
				152266F2580808AAF26BB3FB /* [CP] Embed Pods Frameworks */,
			);
			buildRules = (
			);
			dependencies = (
			);
			name = MovieDB;
			productName = MovieDB;
			productReference = A7E1001926C94FBA00840DFB /* MovieDB.app */;
			productType = "com.apple.product-type.application";
		};
/* End PBXNativeTarget section */

/* Begin PBXProject section */
		A7E1001126C94FBA00840DFB /* Project object */ = {
			isa = PBXProject;
			attributes = {
				LastSwiftUpdateCheck = 1220;
				LastUpgradeCheck = 1220;
				TargetAttributes = {
					A7E1001826C94FBA00840DFB = {
						CreatedOnToolsVersion = 12.2;
					};
				};
			};
			buildConfigurationList = A7E1001426C94FBA00840DFB /* Build configuration list for PBXProject "MovieDB" */;
			compatibilityVersion = "Xcode 9.3";
			developmentRegion = en;
			hasScannedForEncodings = 0;
			knownRegions = (
				en,
				Base,
			);
			mainGroup = A7E1001026C94FBA00840DFB;
			productRefGroup = A7E1001A26C94FBA00840DFB /* Products */;
			projectDirPath = "";
			projectRoot = "";
			targets = (
				A7E1001826C94FBA00840DFB /* MovieDB */,
			);
		};
/* End PBXProject section */

/* Begin PBXResourcesBuildPhase section */
		A7E1001726C94FBA00840DFB /* Resources */ = {
			isa = PBXResourcesBuildPhase;
			buildActionMask = 2147483647;
			files = (
				A7E1002926C94FBE00840DFB /* LaunchScreen.storyboard in Resources */,
				A7E1002626C94FBE00840DFB /* Assets.xcassets in Resources */,
			);
			runOnlyForDeploymentPostprocessing = 0;
		};
/* End PBXResourcesBuildPhase section */

/* Begin PBXShellScriptBuildPhase section */
		152266F2580808AAF26BB3FB /* [CP] Embed Pods Frameworks */ = {
			isa = PBXShellScriptBuildPhase;
			buildActionMask = 2147483647;
			files = (
			);
			inputFileListPaths = (
				"${PODS_ROOT}/Target Support Files/Pods-MovieDB/Pods-MovieDB-frameworks-${CONFIGURATION}-input-files.xcfilelist",
			);
			name = "[CP] Embed Pods Frameworks";
			outputFileListPaths = (
				"${PODS_ROOT}/Target Support Files/Pods-MovieDB/Pods-MovieDB-frameworks-${CONFIGURATION}-output-files.xcfilelist",
			);
			runOnlyForDeploymentPostprocessing = 0;
			shellPath = /bin/sh;
			shellScript = "\"${PODS_ROOT}/Target Support Files/Pods-MovieDB/Pods-MovieDB-frameworks.sh\"\n";
			showEnvVarsInLog = 0;
		};
		797500FC7ABE38D6780D5739 /* [CP] Check Pods Manifest.lock */ = {
			isa = PBXShellScriptBuildPhase;
			buildActionMask = 2147483647;
			files = (
			);
			inputFileListPaths = (
			);
			inputPaths = (
				"${PODS_PODFILE_DIR_PATH}/Podfile.lock",
				"${PODS_ROOT}/Manifest.lock",
			);
			name = "[CP] Check Pods Manifest.lock";
			outputFileListPaths = (
			);
			outputPaths = (
				"$(DERIVED_FILE_DIR)/Pods-MovieDB-checkManifestLockResult.txt",
			);
			runOnlyForDeploymentPostprocessing = 0;
			shellPath = /bin/sh;
			shellScript = "diff \"${PODS_PODFILE_DIR_PATH}/Podfile.lock\" \"${PODS_ROOT}/Manifest.lock\" > /dev/null\nif [ $? != 0 ] ; then\n    # print error to STDERR\n    echo \"error: The sandbox is not in sync with the Podfile.lock. Run 'pod install' or update your CocoaPods installation.\" >&2\n    exit 1\nfi\n# This output is used by Xcode 'outputs' to avoid re-running this script phase.\necho \"SUCCESS\" > \"${SCRIPT_OUTPUT_FILE_0}\"\n";
			showEnvVarsInLog = 0;
		};
		A7E1008E26C95FE300840DFB /* SwiftLint */ = {
			isa = PBXShellScriptBuildPhase;
			buildActionMask = 2147483647;
			files = (
			);
			inputFileListPaths = (
			);
			inputPaths = (
			);
			name = SwiftLint;
			outputFileListPaths = (
			);
			outputPaths = (
			);
			runOnlyForDeploymentPostprocessing = 0;
			shellPath = /bin/sh;
			shellScript = "if which swiftlint >/dev/null; then\n  swiftlint\nelse\n  echo \"warning: SwiftLint not installed, download from https://github.com/realm/SwiftLint\"\nfi\n";
		};
/* End PBXShellScriptBuildPhase section */

/* Begin PBXSourcesBuildPhase section */
		A7E1001526C94FBA00840DFB /* Sources */ = {
			isa = PBXSourcesBuildPhase;
			buildActionMask = 2147483647;
			files = (
				A7E1009526C967A100840DFB /* GenresPresenter.swift in Sources */,
				A7E1004E26C9582F00840DFB /* AppCoordinator.swift in Sources */,
				A7E1009D26C96CE900840DFB /* ErrorHandlingView.swift in Sources */,
				A7E1009926C9695500840DFB /* ListByGenresCoordinator.swift in Sources */,
				A7E1002126C94FBA00840DFB /* GenresViewController.swift in Sources */,
				A7E1004B26C9562800840DFB /* AppDelegate+Registration.swift in Sources */,
				A72E366626CBAA18006E346F /* ReusableView.swift in Sources */,
				A77A7C9B26CAC74F0031FFF5 /* DiscoverMoviesPresenter.swift in Sources */,
				A7ACFDAA26CAC0CB00253917 /* GenreTableViewCell.swift in Sources */,
				A7E1001D26C94FBA00840DFB /* AppDelegate.swift in Sources */,
				A7E1003926C9511800840DFB /* MovieService.swift in Sources */,
				A7ACFDA726CABB7500253917 /* Then.swift in Sources */,
				A72E366326CBA9AF006E346F /* MovieCollectionViewCell.swift in Sources */,
				A77A7C9826CAC7430031FFF5 /* DiscoverMoviesViewController.swift in Sources */,
				A7E1005B26C95BB800840DFB /* Resolver.swift in Sources */,
				A7AE9D6326CBEFDE001A5D5A /* LoadingCollectionViewCell.swift in Sources */,
			);
			runOnlyForDeploymentPostprocessing = 0;
		};
/* End PBXSourcesBuildPhase section */

/* Begin PBXVariantGroup section */
		A7E1002726C94FBE00840DFB /* LaunchScreen.storyboard */ = {
			isa = PBXVariantGroup;
			children = (
				A7E1002826C94FBE00840DFB /* Base */,
			);
			name = LaunchScreen.storyboard;
			sourceTree = "<group>";
		};
/* End PBXVariantGroup section */

/* Begin XCBuildConfiguration section */
		A7E1002B26C94FBE00840DFB /* Debug */ = {
			isa = XCBuildConfiguration;
			buildSettings = {
				ALWAYS_SEARCH_USER_PATHS = NO;
				CLANG_ANALYZER_NONNULL = YES;
				CLANG_ANALYZER_NUMBER_OBJECT_CONVERSION = YES_AGGRESSIVE;
				CLANG_CXX_LANGUAGE_STANDARD = "gnu++14";
				CLANG_CXX_LIBRARY = "libc++";
				CLANG_ENABLE_MODULES = YES;
				CLANG_ENABLE_OBJC_ARC = YES;
				CLANG_ENABLE_OBJC_WEAK = YES;
				CLANG_WARN_BLOCK_CAPTURE_AUTORELEASING = YES;
				CLANG_WARN_BOOL_CONVERSION = YES;
				CLANG_WARN_COMMA = YES;
				CLANG_WARN_CONSTANT_CONVERSION = YES;
				CLANG_WARN_DEPRECATED_OBJC_IMPLEMENTATIONS = YES;
				CLANG_WARN_DIRECT_OBJC_ISA_USAGE = YES_ERROR;
				CLANG_WARN_DOCUMENTATION_COMMENTS = YES;
				CLANG_WARN_EMPTY_BODY = YES;
				CLANG_WARN_ENUM_CONVERSION = YES;
				CLANG_WARN_INFINITE_RECURSION = YES;
				CLANG_WARN_INT_CONVERSION = YES;
				CLANG_WARN_NON_LITERAL_NULL_CONVERSION = YES;
				CLANG_WARN_OBJC_IMPLICIT_RETAIN_SELF = YES;
				CLANG_WARN_OBJC_LITERAL_CONVERSION = YES;
				CLANG_WARN_OBJC_ROOT_CLASS = YES_ERROR;
				CLANG_WARN_QUOTED_INCLUDE_IN_FRAMEWORK_HEADER = YES;
				CLANG_WARN_RANGE_LOOP_ANALYSIS = YES;
				CLANG_WARN_STRICT_PROTOTYPES = YES;
				CLANG_WARN_SUSPICIOUS_MOVE = YES;
				CLANG_WARN_UNGUARDED_AVAILABILITY = YES_AGGRESSIVE;
				CLANG_WARN_UNREACHABLE_CODE = YES;
				CLANG_WARN__DUPLICATE_METHOD_MATCH = YES;
				COPY_PHASE_STRIP = NO;
				DEBUG_INFORMATION_FORMAT = dwarf;
				ENABLE_STRICT_OBJC_MSGSEND = YES;
				ENABLE_TESTABILITY = YES;
				GCC_C_LANGUAGE_STANDARD = gnu11;
				GCC_DYNAMIC_NO_PIC = NO;
				GCC_NO_COMMON_BLOCKS = YES;
				GCC_OPTIMIZATION_LEVEL = 0;
				GCC_PREPROCESSOR_DEFINITIONS = (
					"DEBUG=1",
					"$(inherited)",
				);
				GCC_WARN_64_TO_32_BIT_CONVERSION = YES;
				GCC_WARN_ABOUT_RETURN_TYPE = YES_ERROR;
				GCC_WARN_UNDECLARED_SELECTOR = YES;
				GCC_WARN_UNINITIALIZED_AUTOS = YES_AGGRESSIVE;
				GCC_WARN_UNUSED_FUNCTION = YES;
				GCC_WARN_UNUSED_VARIABLE = YES;
				IPHONEOS_DEPLOYMENT_TARGET = 14.0;
				MTL_ENABLE_DEBUG_INFO = INCLUDE_SOURCE;
				MTL_FAST_MATH = YES;
				ONLY_ACTIVE_ARCH = YES;
				SDKROOT = iphoneos;
				SWIFT_ACTIVE_COMPILATION_CONDITIONS = DEBUG;
				SWIFT_OPTIMIZATION_LEVEL = "-Onone";
			};
			name = Debug;
		};
		A7E1002C26C94FBE00840DFB /* Release */ = {
			isa = XCBuildConfiguration;
			buildSettings = {
				ALWAYS_SEARCH_USER_PATHS = NO;
				CLANG_ANALYZER_NONNULL = YES;
				CLANG_ANALYZER_NUMBER_OBJECT_CONVERSION = YES_AGGRESSIVE;
				CLANG_CXX_LANGUAGE_STANDARD = "gnu++14";
				CLANG_CXX_LIBRARY = "libc++";
				CLANG_ENABLE_MODULES = YES;
				CLANG_ENABLE_OBJC_ARC = YES;
				CLANG_ENABLE_OBJC_WEAK = YES;
				CLANG_WARN_BLOCK_CAPTURE_AUTORELEASING = YES;
				CLANG_WARN_BOOL_CONVERSION = YES;
				CLANG_WARN_COMMA = YES;
				CLANG_WARN_CONSTANT_CONVERSION = YES;
				CLANG_WARN_DEPRECATED_OBJC_IMPLEMENTATIONS = YES;
				CLANG_WARN_DIRECT_OBJC_ISA_USAGE = YES_ERROR;
				CLANG_WARN_DOCUMENTATION_COMMENTS = YES;
				CLANG_WARN_EMPTY_BODY = YES;
				CLANG_WARN_ENUM_CONVERSION = YES;
				CLANG_WARN_INFINITE_RECURSION = YES;
				CLANG_WARN_INT_CONVERSION = YES;
				CLANG_WARN_NON_LITERAL_NULL_CONVERSION = YES;
				CLANG_WARN_OBJC_IMPLICIT_RETAIN_SELF = YES;
				CLANG_WARN_OBJC_LITERAL_CONVERSION = YES;
				CLANG_WARN_OBJC_ROOT_CLASS = YES_ERROR;
				CLANG_WARN_QUOTED_INCLUDE_IN_FRAMEWORK_HEADER = YES;
				CLANG_WARN_RANGE_LOOP_ANALYSIS = YES;
				CLANG_WARN_STRICT_PROTOTYPES = YES;
				CLANG_WARN_SUSPICIOUS_MOVE = YES;
				CLANG_WARN_UNGUARDED_AVAILABILITY = YES_AGGRESSIVE;
				CLANG_WARN_UNREACHABLE_CODE = YES;
				CLANG_WARN__DUPLICATE_METHOD_MATCH = YES;
				COPY_PHASE_STRIP = NO;
				DEBUG_INFORMATION_FORMAT = "dwarf-with-dsym";
				ENABLE_NS_ASSERTIONS = NO;
				ENABLE_STRICT_OBJC_MSGSEND = YES;
				GCC_C_LANGUAGE_STANDARD = gnu11;
				GCC_NO_COMMON_BLOCKS = YES;
				GCC_WARN_64_TO_32_BIT_CONVERSION = YES;
				GCC_WARN_ABOUT_RETURN_TYPE = YES_ERROR;
				GCC_WARN_UNDECLARED_SELECTOR = YES;
				GCC_WARN_UNINITIALIZED_AUTOS = YES_AGGRESSIVE;
				GCC_WARN_UNUSED_FUNCTION = YES;
				GCC_WARN_UNUSED_VARIABLE = YES;
				IPHONEOS_DEPLOYMENT_TARGET = 14.0;
				MTL_ENABLE_DEBUG_INFO = NO;
				MTL_FAST_MATH = YES;
				SDKROOT = iphoneos;
				SWIFT_COMPILATION_MODE = wholemodule;
				SWIFT_OPTIMIZATION_LEVEL = "-O";
				VALIDATE_PRODUCT = YES;
			};
			name = Release;
		};
		A7E1002E26C94FBE00840DFB /* Debug */ = {
			isa = XCBuildConfiguration;
			baseConfigurationReference = 432C69462E1DD803027B0F97 /* Pods-MovieDB.debug.xcconfig */;
			buildSettings = {
				ASSETCATALOG_COMPILER_APPICON_NAME = AppIcon;
				ASSETCATALOG_COMPILER_GLOBAL_ACCENT_COLOR_NAME = AccentColor;
				CODE_SIGN_STYLE = Automatic;
				DEVELOPMENT_TEAM = 5ND2Y7KZLC;
				INFOPLIST_FILE = MovieDB/Info.plist;
				LD_RUNPATH_SEARCH_PATHS = (
					"$(inherited)",
					"@executable_path/Frameworks",
				);
				PRODUCT_BUNDLE_IDENTIFIER = hu.moviedb.test.MovieDB;
				PRODUCT_NAME = "$(TARGET_NAME)";
				SWIFT_VERSION = 5.0;
				TARGETED_DEVICE_FAMILY = "1,2";
			};
			name = Debug;
		};
		A7E1002F26C94FBE00840DFB /* Release */ = {
			isa = XCBuildConfiguration;
			baseConfigurationReference = FB16A179F6BD9755E900FDB0 /* Pods-MovieDB.release.xcconfig */;
			buildSettings = {
				ASSETCATALOG_COMPILER_APPICON_NAME = AppIcon;
				ASSETCATALOG_COMPILER_GLOBAL_ACCENT_COLOR_NAME = AccentColor;
				CODE_SIGN_STYLE = Automatic;
				DEVELOPMENT_TEAM = 5ND2Y7KZLC;
				INFOPLIST_FILE = MovieDB/Info.plist;
				LD_RUNPATH_SEARCH_PATHS = (
					"$(inherited)",
					"@executable_path/Frameworks",
				);
				PRODUCT_BUNDLE_IDENTIFIER = hu.moviedb.test.MovieDB;
				PRODUCT_NAME = "$(TARGET_NAME)";
				SWIFT_VERSION = 5.0;
				TARGETED_DEVICE_FAMILY = "1,2";
			};
			name = Release;
		};
/* End XCBuildConfiguration section */

/* Begin XCConfigurationList section */
		A7E1001426C94FBA00840DFB /* Build configuration list for PBXProject "MovieDB" */ = {
			isa = XCConfigurationList;
			buildConfigurations = (
				A7E1002B26C94FBE00840DFB /* Debug */,
				A7E1002C26C94FBE00840DFB /* Release */,
			);
			defaultConfigurationIsVisible = 0;
			defaultConfigurationName = Release;
		};
		A7E1002D26C94FBE00840DFB /* Build configuration list for PBXNativeTarget "MovieDB" */ = {
			isa = XCConfigurationList;
			buildConfigurations = (
				A7E1002E26C94FBE00840DFB /* Debug */,
				A7E1002F26C94FBE00840DFB /* Release */,
			);
			defaultConfigurationIsVisible = 0;
			defaultConfigurationName = Release;
		};
/* End XCConfigurationList section */
	};
	rootObject = A7E1001126C94FBA00840DFB /* Project object */;
}
